PODS:
  - fcllama (0.0.2):
    - Flutter
  - Flutter (1.0.0)

DEPENDENCIES:
  - fcllama (from `.symlinks/plugins/fcllama/ios`)
  - Flutter (from `Flutter`)

EXTERNAL SOURCES:
  fcllama:
    :path: ".symlinks/plugins/fcllama/ios"
  Flutter:
    :path: Flutter

SPEC CHECKSUMS:
  fcllama: 2813492ec302a500be81ecb12d463d67ca58ac49
  Flutter: cabc95a1d2626b1b06e7179b784ebcf0c0cde467

PODFILE CHECKSUM: f602354cbd8ff80f81333d86d7c05b6bd76b1c30

COCOAPODS: 1.16.2
